# This file was autogenerated by Stack.
# You should not edit this file by hand.
# For more information, please see the documentation at:
#   https://docs.haskellstack.org/en/stable/lock_files

packages:
- completed:
    hackage: hsexif-0.6.1.8@sha256:8c213fc9a6ab0c959e68e5be736b19cb157739f784e24d63a0824dfb02687d76,2275
    pantry-tree:
      size: 1120
      sha256: 0ce5093c9d5e41218e6fc01efe068213e6b297f27e1abbafc9918f82b660b864
  original:
    hackage: hsexif-0.6.1.8
- completed:
    hackage: hgal-2.0.0.2@sha256:13d58afd0668b9cb881c612eff8488a0e289edd4bbffa893df4beee60cfeb73b,653
    pantry-tree:
      size: 412
      sha256: 265739e0c2c1313b96f8653b0bdb24cd5cc895e53d9afc940a34ab125c67e60e
  original:
    hackage: hgal-2.0.0.2@sha256:13d58afd0668b9cb881c612eff8488a0e289edd4bbffa893df4beee60cfeb73b,653
- completed:
    name: rdf4h
    version: 4.0.1
    git: https://github.com/robstewart57/rdf4h.git
    pantry-tree:
      size: 324204
      sha256: 8f7219f0ff96e0781ad195cfb60e1b0745b98ed4c40a11002b5dc5d8fe924df3
    commit: cc57319ae83e681837cd9eccbc7ac69222e7b001
  original:
    git: https://github.com/robstewart57/rdf4h.git
    commit: cc57319ae83e681837cd9eccbc7ac69222e7b001
snapshots:
- completed:
    size: 531237
    url: https://raw.githubusercontent.com/commercialhaskell/stackage-snapshots/master/lts/16/0.yaml
    sha256: 210e15b7043e2783115afe16b0d54914b1611cdaa73f3ca3ca7f8e0847ff54e5
  original: lts-16.0
