# This file was autogenerated by Stack.
# You should not edit this file by hand.
# For more information, please see the documentation at:
#   https://docs.haskellstack.org/en/stable/lock_files

packages:
- completed:
    hackage: hsexif-0.6.1.6@sha256:8972d2c8f81734c3acd1a269f74b153a865b1898c58eed561cb74cd0ab7eecb5,2287
    pantry-tree:
      size: 972
      sha256: 6b288fa18a4060704bdd069586595708d55a803032f6b2f1a27191446e2c6df8
  original:
    hackage: hsexif-0.6.1.6
snapshots:
- completed:
    size: 523454
    url: https://raw.githubusercontent.com/commercialhaskell/stackage-snapshots/master/lts/14/2.yaml
    sha256: 593deeb8366fd69b9e3b7611759ecee87d0d76c08c2ba363b38b7fb119e9fc22
  original: lts-14.2
